
Microsoft Visual Studio Solution File, Format Version 12.00
# Visual Studio Version 17
VisualStudioVersion = 17.5.002.0
MinimumVisualStudioVersion = 10.0.40219.1
Project("{9A19103F-16F7-4668-BE54-9A1E7A4F7556}") = "HolaMundoMVC", "HolaMundoMVC.csproj", "{A3FC1AEF-6D93-4BB3-8A00-73E5E7D9C17A}"
EndProject
Global
	GlobalSection(SolutionConfigurationPlatforms) = preSolution
		Debug|Any CPU = Debug|Any CPU
		Release|Any CPU = Release|Any CPU
	EndGlobalSection
	GlobalSection(ProjectConfigurationPlatforms) = postSolution
		{A3FC1AEF-6D93-4BB3-8A00-73E5E7D9C17A}.Debug|Any CPU.ActiveCfg = Debug|Any CPU
		{A3FC1AEF-6D93-4BB3-8A00-73E5E7D9C17A}.Debug|Any CPU.Build.0 = Debug|Any CPU
		{A3FC1AEF-6D93-4BB3-8A00-73E5E7D9C17A}.Release|Any CPU.ActiveCfg = Release|Any CPU
		{A3FC1AEF-6D93-4BB3-8A00-73E5E7D9C17A}.Release|Any CPU.Build.0 = Release|Any CPU
	EndGlobalSection
	GlobalSection(SolutionProperties) = preSolution
		HideSolutionNode = FALSE
	EndGlobalSection
	GlobalSection(ExtensibilityGlobals) = postSolution
		SolutionGuid = {C4FF4726-9063-43F7-B7A2-0C5BB40294C9}
	EndGlobalSection
EndGlobal
